
Microsoft Visual Studio Solution File, Format Version 12.00
# Visual Studio Version 17
VisualStudioVersion = 17.7.34221.43
MinimumVisualStudioVersion = 10.0.40219.1
Project("{FAE04EC0-301F-11D3-BF4B-00C04F79EFBC}") = "PlantShop", "PlantShop\PlantShop.csproj", "{5324D4AA-2AF1-4A2A-A5A1-0510DC1F2301}"
EndProject
Global
	GlobalSection(SolutionConfigurationPlatforms) = preSolution
		Debug|Any CPU = Debug|Any CPU
		Release|Any CPU = Release|Any CPU
	EndGlobalSection
	GlobalSection(ProjectConfigurationPlatforms) = postSolution
		{5324D4AA-2AF1-4A2A-A5A1-0510DC1F2301}.Debug|Any CPU.ActiveCfg = Debug|Any CPU
		{5324D4AA-2AF1-4A2A-A5A1-0510DC1F2301}.Debug|Any CPU.Build.0 = Debug|Any CPU
		{5324D4AA-2AF1-4A2A-A5A1-0510DC1F2301}.Release|Any CPU.ActiveCfg = Release|Any CPU
		{5324D4AA-2AF1-4A2A-A5A1-0510DC1F2301}.Release|Any CPU.Build.0 = Release|Any CPU
	EndGlobalSection
	GlobalSection(SolutionProperties) = preSolution
		HideSolutionNode = FALSE
	EndGlobalSection
	GlobalSection(ExtensibilityGlobals) = postSolution
		SolutionGuid = {DA1818F0-197A-48F7-BEEE-E243A37A70B6}
	EndGlobalSection
EndGlobal
